
Microsoft Visual Studio Solution File, Format Version 12.00
# Visual Studio 15
VisualStudioVersion = 15.0.28307.168
MinimumVisualStudioVersion = 10.0.40219.1
Project("{FAE04EC0-301F-11D3-BF4B-00C04F79EFBC}") = "TDD", "TDD\TDD.csproj", "{87E50273-08F7-4BDB-AAE5-65F08F2BFFB3}"
EndProject
Project("{FAE04EC0-301F-11D3-BF4B-00C04F79EFBC}") = "TDD.Tests", "TDD.Tests\TDD.Tests.csproj", "{BF326A3A-D30C-4770-BB1C-F5289054F2C0}"
EndProject
Global
	GlobalSection(SolutionConfigurationPlatforms) = preSolution
		Debug|Any CPU = Debug|Any CPU
		Release|Any CPU = Release|Any CPU
	EndGlobalSection
	GlobalSection(ProjectConfigurationPlatforms) = postSolution
		{87E50273-08F7-4BDB-AAE5-65F08F2BFFB3}.Debug|Any CPU.ActiveCfg = Debug|Any CPU
		{87E50273-08F7-4BDB-AAE5-65F08F2BFFB3}.Debug|Any CPU.Build.0 = Debug|Any CPU
		{87E50273-08F7-4BDB-AAE5-65F08F2BFFB3}.Release|Any CPU.ActiveCfg = Release|Any CPU
		{87E50273-08F7-4BDB-AAE5-65F08F2BFFB3}.Release|Any CPU.Build.0 = Release|Any CPU
		{BF326A3A-D30C-4770-BB1C-F5289054F2C0}.Debug|Any CPU.ActiveCfg = Debug|Any CPU
		{BF326A3A-D30C-4770-BB1C-F5289054F2C0}.Debug|Any CPU.Build.0 = Debug|Any CPU
		{BF326A3A-D30C-4770-BB1C-F5289054F2C0}.Release|Any CPU.ActiveCfg = Release|Any CPU
		{BF326A3A-D30C-4770-BB1C-F5289054F2C0}.Release|Any CPU.Build.0 = Release|Any CPU
	EndGlobalSection
	GlobalSection(SolutionProperties) = preSolution
		HideSolutionNode = FALSE
	EndGlobalSection
	GlobalSection(ExtensibilityGlobals) = postSolution
		SolutionGuid = {570B3F9E-A666-434F-865D-40D846DBB838}
	EndGlobalSection
EndGlobal
